
Microsoft Visual Studio Solution File, Format Version 9.00
# Visual Studio 2005
Project("{8BC9CEB8-8B4A-11D0-8D11-00A0C91BC942}") = "server_project", "server_project\server_project.vcproj", "{C4262E81-F55B-4C5B-886C-E776B9B33D45}"
EndProject
Global
	GlobalSection(SolutionConfigurationPlatforms) = preSolution
		Debug|Win32 = Debug|Win32
		Release|Win32 = Release|Win32
	EndGlobalSection
	GlobalSection(ProjectConfigurationPlatforms) = postSolution
		{C4262E81-F55B-4C5B-886C-E776B9B33D45}.Debug|Win32.ActiveCfg = Debug|Win32
		{C4262E81-F55B-4C5B-886C-E776B9B33D45}.Debug|Win32.Build.0 = Debug|Win32
		{C4262E81-F55B-4C5B-886C-E776B9B33D45}.Release|Win32.ActiveCfg = Release|Win32
		{C4262E81-F55B-4C5B-886C-E776B9B33D45}.Release|Win32.Build.0 = Release|Win32
	EndGlobalSection
	GlobalSection(SolutionProperties) = preSolution
		HideSolutionNode = FALSE
	EndGlobalSection
EndGlobal
